
Microsoft Visual Studio Solution File, Format Version 12.00
# Visual Studio Version 16
VisualStudioVersion = 16.0.33130.400
MinimumVisualStudioVersion = 10.0.40219.1
Project("{9A19103F-16F7-4668-BE54-9A1E7A4F7556}") = "Domain", "Domain.csproj", "{EAAE716C-A446-4E0F-AF02-75BE1D878224}"
EndProject
Project("{9A19103F-16F7-4668-BE54-9A1E7A4F7556}") = "Infrastructure", "..\Infrastructure\Infrastructure.csproj", "{F1CB0AF2-1FC3-4D61-A0C9-55D534FAFF3E}"
EndProject
Global
	GlobalSection(SolutionConfigurationPlatforms) = preSolution
		Debug|Any CPU = Debug|Any CPU
		Release|Any CPU = Release|Any CPU
	EndGlobalSection
	GlobalSection(ProjectConfigurationPlatforms) = postSolution
		{EAAE716C-A446-4E0F-AF02-75BE1D878224}.Debug|Any CPU.ActiveCfg = Debug|Any CPU
		{EAAE716C-A446-4E0F-AF02-75BE1D878224}.Debug|Any CPU.Build.0 = Debug|Any CPU
		{EAAE716C-A446-4E0F-AF02-75BE1D878224}.Release|Any CPU.ActiveCfg = Release|Any CPU
		{EAAE716C-A446-4E0F-AF02-75BE1D878224}.Release|Any CPU.Build.0 = Release|Any CPU
		{F1CB0AF2-1FC3-4D61-A0C9-55D534FAFF3E}.Debug|Any CPU.ActiveCfg = Debug|Any CPU
		{F1CB0AF2-1FC3-4D61-A0C9-55D534FAFF3E}.Debug|Any CPU.Build.0 = Debug|Any CPU
		{F1CB0AF2-1FC3-4D61-A0C9-55D534FAFF3E}.Release|Any CPU.ActiveCfg = Release|Any CPU
		{F1CB0AF2-1FC3-4D61-A0C9-55D534FAFF3E}.Release|Any CPU.Build.0 = Release|Any CPU
	EndGlobalSection
	GlobalSection(SolutionProperties) = preSolution
		HideSolutionNode = FALSE
	EndGlobalSection
	GlobalSection(ExtensibilityGlobals) = postSolution
		SolutionGuid = {499B32D9-55DD-493C-9C7B-67A444F07130}
	EndGlobalSection
EndGlobal
